
Microsoft Visual Studio Solution File, Format Version 12.00
# Visual Studio Version 17
VisualStudioVersion = 17.11.35327.3
MinimumVisualStudioVersion = 10.0.40219.1
Project("{9A19103F-16F7-4668-BE54-9A1E7A4F7556}") = "Api", "Api\Api.csproj", "{33173766-A1E6-4AAC-9C3F-EE9335741E1D}"
EndProject
Project("{9A19103F-16F7-4668-BE54-9A1E7A4F7556}") = "Domain", "Domain\Domain.csproj", "{EB758F29-9182-4F4D-875C-76AF017FFF46}"
EndProject
Project("{9A19103F-16F7-4668-BE54-9A1E7A4F7556}") = "Application", "Application\Application.csproj", "{96E74153-EF3F-4AF1-A1FC-AB35EC70C77A}"
EndProject
Project("{9A19103F-16F7-4668-BE54-9A1E7A4F7556}") = "IoC", "IoC\IoC.csproj", "{8DA87E7A-D88B-46B2-A998-ED08E3743E50}"
EndProject
Project("{9A19103F-16F7-4668-BE54-9A1E7A4F7556}") = "Repository", "Repository\Repository.csproj", "{55CE9DB8-7A8A-4BB6-B353-A587E5F7B882}"
EndProject
Project("{FAE04EC0-301F-11D3-BF4B-00C04F79EFBC}") = "Api.Test", "Api.Test\Api.Test.csproj", "{5A8A9480-345F-444D-B555-8BE95200C626}"
EndProject
Project("{FAE04EC0-301F-11D3-BF4B-00C04F79EFBC}") = "Application.Test", "Application.Test\Application.Test.csproj", "{41A10B23-60C6-45B0-8CB6-5045AC6571D6}"
EndProject
Project("{FAE04EC0-301F-11D3-BF4B-00C04F79EFBC}") = "Domain.Test", "Domain.Test\Domain.Test.csproj", "{BA907544-14F6-4970-9906-B5C8623FE7AC}"
EndProject
Project("{FAE04EC0-301F-11D3-BF4B-00C04F79EFBC}") = "Ioc.Test", "Ioc.Test\Ioc.Test.csproj", "{BA07DE59-1385-4C34-B3D5-7733E91AB129}"
EndProject
Project("{FAE04EC0-301F-11D3-BF4B-00C04F79EFBC}") = "Repository.Test", "Repository.Test\Repository.Test.csproj", "{3A91B8BF-879B-4DCB-9564-A65D77016AE5}"
EndProject
Global
	GlobalSection(SolutionConfigurationPlatforms) = preSolution
		Debug|Any CPU = Debug|Any CPU
		Release|Any CPU = Release|Any CPU
	EndGlobalSection
	GlobalSection(ProjectConfigurationPlatforms) = postSolution
		{33173766-A1E6-4AAC-9C3F-EE9335741E1D}.Debug|Any CPU.ActiveCfg = Debug|Any CPU
		{33173766-A1E6-4AAC-9C3F-EE9335741E1D}.Debug|Any CPU.Build.0 = Debug|Any CPU
		{33173766-A1E6-4AAC-9C3F-EE9335741E1D}.Release|Any CPU.ActiveCfg = Release|Any CPU
		{33173766-A1E6-4AAC-9C3F-EE9335741E1D}.Release|Any CPU.Build.0 = Release|Any CPU
		{EB758F29-9182-4F4D-875C-76AF017FFF46}.Debug|Any CPU.ActiveCfg = Debug|Any CPU
		{EB758F29-9182-4F4D-875C-76AF017FFF46}.Debug|Any CPU.Build.0 = Debug|Any CPU
		{EB758F29-9182-4F4D-875C-76AF017FFF46}.Release|Any CPU.ActiveCfg = Release|Any CPU
		{EB758F29-9182-4F4D-875C-76AF017FFF46}.Release|Any CPU.Build.0 = Release|Any CPU
		{96E74153-EF3F-4AF1-A1FC-AB35EC70C77A}.Debug|Any CPU.ActiveCfg = Debug|Any CPU
		{96E74153-EF3F-4AF1-A1FC-AB35EC70C77A}.Debug|Any CPU.Build.0 = Debug|Any CPU
		{96E74153-EF3F-4AF1-A1FC-AB35EC70C77A}.Release|Any CPU.ActiveCfg = Release|Any CPU
		{96E74153-EF3F-4AF1-A1FC-AB35EC70C77A}.Release|Any CPU.Build.0 = Release|Any CPU
		{8DA87E7A-D88B-46B2-A998-ED08E3743E50}.Debug|Any CPU.ActiveCfg = Debug|Any CPU
		{8DA87E7A-D88B-46B2-A998-ED08E3743E50}.Debug|Any CPU.Build.0 = Debug|Any CPU
		{8DA87E7A-D88B-46B2-A998-ED08E3743E50}.Release|Any CPU.ActiveCfg = Release|Any CPU
		{8DA87E7A-D88B-46B2-A998-ED08E3743E50}.Release|Any CPU.Build.0 = Release|Any CPU
		{55CE9DB8-7A8A-4BB6-B353-A587E5F7B882}.Debug|Any CPU.ActiveCfg = Debug|Any CPU
		{55CE9DB8-7A8A-4BB6-B353-A587E5F7B882}.Debug|Any CPU.Build.0 = Debug|Any CPU
		{55CE9DB8-7A8A-4BB6-B353-A587E5F7B882}.Release|Any CPU.ActiveCfg = Release|Any CPU
		{55CE9DB8-7A8A-4BB6-B353-A587E5F7B882}.Release|Any CPU.Build.0 = Release|Any CPU
		{5A8A9480-345F-444D-B555-8BE95200C626}.Debug|Any CPU.ActiveCfg = Debug|Any CPU
		{5A8A9480-345F-444D-B555-8BE95200C626}.Debug|Any CPU.Build.0 = Debug|Any CPU
		{5A8A9480-345F-444D-B555-8BE95200C626}.Release|Any CPU.ActiveCfg = Release|Any CPU
		{5A8A9480-345F-444D-B555-8BE95200C626}.Release|Any CPU.Build.0 = Release|Any CPU
		{41A10B23-60C6-45B0-8CB6-5045AC6571D6}.Debug|Any CPU.ActiveCfg = Debug|Any CPU
		{41A10B23-60C6-45B0-8CB6-5045AC6571D6}.Debug|Any CPU.Build.0 = Debug|Any CPU
		{41A10B23-60C6-45B0-8CB6-5045AC6571D6}.Release|Any CPU.ActiveCfg = Release|Any CPU
		{41A10B23-60C6-45B0-8CB6-5045AC6571D6}.Release|Any CPU.Build.0 = Release|Any CPU
		{BA907544-14F6-4970-9906-B5C8623FE7AC}.Debug|Any CPU.ActiveCfg = Debug|Any CPU
		{BA907544-14F6-4970-9906-B5C8623FE7AC}.Debug|Any CPU.Build.0 = Debug|Any CPU
		{BA907544-14F6-4970-9906-B5C8623FE7AC}.Release|Any CPU.ActiveCfg = Release|Any CPU
		{BA907544-14F6-4970-9906-B5C8623FE7AC}.Release|Any CPU.Build.0 = Release|Any CPU
		{BA07DE59-1385-4C34-B3D5-7733E91AB129}.Debug|Any CPU.ActiveCfg = Debug|Any CPU
		{BA07DE59-1385-4C34-B3D5-7733E91AB129}.Debug|Any CPU.Build.0 = Debug|Any CPU
		{BA07DE59-1385-4C34-B3D5-7733E91AB129}.Release|Any CPU.ActiveCfg = Release|Any CPU
		{BA07DE59-1385-4C34-B3D5-7733E91AB129}.Release|Any CPU.Build.0 = Release|Any CPU
		{3A91B8BF-879B-4DCB-9564-A65D77016AE5}.Debug|Any CPU.ActiveCfg = Debug|Any CPU
		{3A91B8BF-879B-4DCB-9564-A65D77016AE5}.Debug|Any CPU.Build.0 = Debug|Any CPU
		{3A91B8BF-879B-4DCB-9564-A65D77016AE5}.Release|Any CPU.ActiveCfg = Release|Any CPU
		{3A91B8BF-879B-4DCB-9564-A65D77016AE5}.Release|Any CPU.Build.0 = Release|Any CPU
	EndGlobalSection
	GlobalSection(SolutionProperties) = preSolution
		HideSolutionNode = FALSE
	EndGlobalSection
	GlobalSection(ExtensibilityGlobals) = postSolution
		SolutionGuid = {5674EBE9-A57F-4E50-A860-E1DE82F0B900}
	EndGlobalSection
EndGlobal
